
Microsoft Visual Studio Solution File, Format Version 12.00
# Visual Studio Version 17
VisualStudioVersion = 17.11.35303.130
MinimumVisualStudioVersion = 10.0.40219.1
Project("{FAE04EC0-301F-11D3-BF4B-00C04F79EFBC}") = "Baitap02", "Baitap02\Baitap02.csproj", "{AB546CE6-2B7E-47E2-8735-A4E567606FFB}"
EndProject
Global
	GlobalSection(SolutionConfigurationPlatforms) = preSolution
		Debug|Any CPU = Debug|Any CPU
		Release|Any CPU = Release|Any CPU
	EndGlobalSection
	GlobalSection(ProjectConfigurationPlatforms) = postSolution
		{AB546CE6-2B7E-47E2-8735-A4E567606FFB}.Debug|Any CPU.ActiveCfg = Debug|Any CPU
		{AB546CE6-2B7E-47E2-8735-A4E567606FFB}.Debug|Any CPU.Build.0 = Debug|Any CPU
		{AB546CE6-2B7E-47E2-8735-A4E567606FFB}.Release|Any CPU.ActiveCfg = Release|Any CPU
		{AB546CE6-2B7E-47E2-8735-A4E567606FFB}.Release|Any CPU.Build.0 = Release|Any CPU
	EndGlobalSection
	GlobalSection(SolutionProperties) = preSolution
		HideSolutionNode = FALSE
	EndGlobalSection
	GlobalSection(ExtensibilityGlobals) = postSolution
		SolutionGuid = {1A4EF3E7-F373-4339-9008-3F8C8A41E95B}
	EndGlobalSection
EndGlobal
